
Microsoft Visual Studio Solution File, Format Version 12.00
# Visual Studio Version 17
VisualStudioVersion = 17.4.33213.308
MinimumVisualStudioVersion = 10.0.40219.1
Project("{FAE04EC0-301F-11D3-BF4B-00C04F79EFBC}") = "OOPukol6", "OOPukol6\OOPukol6.csproj", "{70781CEE-1728-4072-B957-B20202482C86}"
EndProject
Global
	GlobalSection(SolutionConfigurationPlatforms) = preSolution
		Debug|Any CPU = Debug|Any CPU
		Release|Any CPU = Release|Any CPU
	EndGlobalSection
	GlobalSection(ProjectConfigurationPlatforms) = postSolution
		{70781CEE-1728-4072-B957-B20202482C86}.Debug|Any CPU.ActiveCfg = Debug|Any CPU
		{70781CEE-1728-4072-B957-B20202482C86}.Debug|Any CPU.Build.0 = Debug|Any CPU
		{70781CEE-1728-4072-B957-B20202482C86}.Release|Any CPU.ActiveCfg = Release|Any CPU
		{70781CEE-1728-4072-B957-B20202482C86}.Release|Any CPU.Build.0 = Release|Any CPU
	EndGlobalSection
	GlobalSection(SolutionProperties) = preSolution
		HideSolutionNode = FALSE
	EndGlobalSection
	GlobalSection(ExtensibilityGlobals) = postSolution
		SolutionGuid = {3AE57CFA-C673-435A-B6D4-3D82A721FE2B}
	EndGlobalSection
EndGlobal
